
Microsoft Visual Studio Solution File, Format Version 12.00
# Visual Studio Version 16
VisualStudioVersion = 25.0.1704.0
MinimumVisualStudioVersion = 10.0.40219.1
Project("{FAE04EC0-301F-11D3-BF4B-00C04F79EFBC}") = "var3.3", "var3.3\var3.3.csproj", "{1F254A8E-C80F-44EF-8EF0-2599416C995F}"
EndProject
Global
	GlobalSection(SolutionConfigurationPlatforms) = preSolution
		Debug|Any CPU = Debug|Any CPU
		Release|Any CPU = Release|Any CPU
	EndGlobalSection
	GlobalSection(ProjectConfigurationPlatforms) = postSolution
		{1F254A8E-C80F-44EF-8EF0-2599416C995F}.Debug|Any CPU.ActiveCfg = Debug|Any CPU
		{1F254A8E-C80F-44EF-8EF0-2599416C995F}.Debug|Any CPU.Build.0 = Debug|Any CPU
		{1F254A8E-C80F-44EF-8EF0-2599416C995F}.Release|Any CPU.ActiveCfg = Release|Any CPU
		{1F254A8E-C80F-44EF-8EF0-2599416C995F}.Release|Any CPU.Build.0 = Release|Any CPU
	EndGlobalSection
	GlobalSection(SolutionProperties) = preSolution
		HideSolutionNode = FALSE
	EndGlobalSection
	GlobalSection(ExtensibilityGlobals) = postSolution
		SolutionGuid = {EF95DA8B-6E0A-48DC-BF9A-CB30D07EBB72}
	EndGlobalSection
EndGlobal
